{
	"name": "@feathersjs/pinion",
	"version": "0.0.0",
	"lockfileVersion": 2,
	"requires": true,
	"packages": {
		"": {
			"name": "@feathersjs/pinion",
			"version": "0.0.0",
			"license": "MIT",
			"devDependencies": {
				"typescript": "^4.2.3"
			},
			"engines": {
				"node": ">= 12"
			},
			"funding": {
				"type": "github",
				"url": "https://github.com/sponsors/daffl"
			}
		},
		"node_modules/typescript": {
			"version": "4.5.5",
			"resolved": "https://registry.npmjs.org/typescript/-/typescript-4.5.5.tgz",
			"integrity": "sha512-TCTIul70LyWe6IJWT8QSYeA54WQe8EjQFU4wY52Fasj5UKx88LNYKCgBEHcOMOrFF1rKGbD8v/xcNWVUq9SymA==",
			"dev": true,
			"bin": {
				"tsc": "bin/tsc",
				"tsserver": "bin/tsserver"
			},
			"engines": {
				"node": ">=4.2.0"
			}
		}
	},
	"dependencies": {
		"typescript": {
			"version": "4.5.5",
			"resolved": "https://registry.npmjs.org/typescript/-/typescript-4.5.5.tgz",
			"integrity": "sha512-TCTIul70LyWe6IJWT8QSYeA54WQe8EjQFU4wY52Fasj5UKx88LNYKCgBEHcOMOrFF1rKGbD8v/xcNWVUq9SymA==",
			"dev": true
		}
	}
}
